
Microsoft Visual Studio Solution File, Format Version 12.00
# Visual Studio Version 16
VisualStudioVersion = 16.0.31729.503
MinimumVisualStudioVersion = 10.0.40219.1
Project("{FAE04EC0-301F-11D3-BF4B-00C04F79EFBC}") = "MatchGame", "MatchGame\MatchGame.csproj", "{86E15ECE-71F7-4CEE-9DA8-B363584BAD12}"
EndProject
Global
	GlobalSection(SolutionConfigurationPlatforms) = preSolution
		Debug|Any CPU = Debug|Any CPU
		Release|Any CPU = Release|Any CPU
	EndGlobalSection
	GlobalSection(ProjectConfigurationPlatforms) = postSolution
		{86E15ECE-71F7-4CEE-9DA8-B363584BAD12}.Debug|Any CPU.ActiveCfg = Debug|Any CPU
		{86E15ECE-71F7-4CEE-9DA8-B363584BAD12}.Debug|Any CPU.Build.0 = Debug|Any CPU
		{86E15ECE-71F7-4CEE-9DA8-B363584BAD12}.Release|Any CPU.ActiveCfg = Release|Any CPU
		{86E15ECE-71F7-4CEE-9DA8-B363584BAD12}.Release|Any CPU.Build.0 = Release|Any CPU
	EndGlobalSection
	GlobalSection(SolutionProperties) = preSolution
		HideSolutionNode = FALSE
	EndGlobalSection
	GlobalSection(ExtensibilityGlobals) = postSolution
		SolutionGuid = {2DF37F82-0F90-41ED-8EF4-F9208213B8B3}
	EndGlobalSection
EndGlobal
